
Microsoft Visual Studio Solution File, Format Version 12.00
# Visual Studio 15
VisualStudioVersion = 15.0.27004.2005
MinimumVisualStudioVersion = 10.0.40219.1
Project("{FAE04EC0-301F-11D3-BF4B-00C04F79EFBC}") = "SLR(1)", "SLR(1)\SLR(1).csproj", "{F3AE624F-11B4-4F7B-A75E-FACF9A79923A}"
EndProject
Project("{FAE04EC0-301F-11D3-BF4B-00C04F79EFBC}") = "SLR(1) Parser", "SLR(1) Parser\SLR(1) Parser.csproj", "{0D740B8C-EA10-4BB6-9DDD-66FD4AB228A0}"
EndProject
Project("{FAE04EC0-301F-11D3-BF4B-00C04F79EFBC}") = "WpfApp1", "WpfApp1\WpfApp1.csproj", "{F07506E0-B155-49F9-ADE2-A077558E7E1C}"
EndProject
Global
	GlobalSection(SolutionConfigurationPlatforms) = preSolution
		Debug|Any CPU = Debug|Any CPU
		Release|Any CPU = Release|Any CPU
	EndGlobalSection
	GlobalSection(ProjectConfigurationPlatforms) = postSolution
		{F3AE624F-11B4-4F7B-A75E-FACF9A79923A}.Debug|Any CPU.ActiveCfg = Debug|Any CPU
		{F3AE624F-11B4-4F7B-A75E-FACF9A79923A}.Debug|Any CPU.Build.0 = Debug|Any CPU
		{F3AE624F-11B4-4F7B-A75E-FACF9A79923A}.Release|Any CPU.ActiveCfg = Release|Any CPU
		{F3AE624F-11B4-4F7B-A75E-FACF9A79923A}.Release|Any CPU.Build.0 = Release|Any CPU
		{0D740B8C-EA10-4BB6-9DDD-66FD4AB228A0}.Debug|Any CPU.ActiveCfg = Debug|Any CPU
		{0D740B8C-EA10-4BB6-9DDD-66FD4AB228A0}.Debug|Any CPU.Build.0 = Debug|Any CPU
		{0D740B8C-EA10-4BB6-9DDD-66FD4AB228A0}.Release|Any CPU.ActiveCfg = Release|Any CPU
		{0D740B8C-EA10-4BB6-9DDD-66FD4AB228A0}.Release|Any CPU.Build.0 = Release|Any CPU
		{F07506E0-B155-49F9-ADE2-A077558E7E1C}.Debug|Any CPU.ActiveCfg = Debug|Any CPU
		{F07506E0-B155-49F9-ADE2-A077558E7E1C}.Debug|Any CPU.Build.0 = Debug|Any CPU
		{F07506E0-B155-49F9-ADE2-A077558E7E1C}.Release|Any CPU.ActiveCfg = Release|Any CPU
		{F07506E0-B155-49F9-ADE2-A077558E7E1C}.Release|Any CPU.Build.0 = Release|Any CPU
	EndGlobalSection
	GlobalSection(SolutionProperties) = preSolution
		HideSolutionNode = FALSE
	EndGlobalSection
	GlobalSection(ExtensibilityGlobals) = postSolution
		SolutionGuid = {0A5511BC-4D04-452D-9B65-52F7BEAF3A06}
	EndGlobalSection
EndGlobal
